
Microsoft Visual Studio Solution File, Format Version 12.00
# Visual Studio 15
Project("{FAE04EC0-301F-11D3-BF4B-00C04F79EFBC}") = "Assembly-CSharp", "Assembly-CSharp.csproj", "{328C14F3-C415-9CE5-18A9-7D3D7FCCD07E}"
EndProject
Project("{FAE04EC0-301F-11D3-BF4B-00C04F79EFBC}") = "Assembly-CSharp-Editor", "Assembly-CSharp-Editor.csproj", "{8AC97C43-395B-0E0F-9BD8-1B4545A0194E}"
EndProject
Global
	GlobalSection(SolutionConfigurationPlatforms) = preSolution
		Debug|Any CPU = Debug|Any CPU
		Release|Any CPU = Release|Any CPU
	EndGlobalSection
	GlobalSection(ProjectConfigurationPlatforms) = postSolution
		{328C14F3-C415-9CE5-18A9-7D3D7FCCD07E}.Debug|Any CPU.ActiveCfg = Debug|Any CPU
		{328C14F3-C415-9CE5-18A9-7D3D7FCCD07E}.Debug|Any CPU.Build.0 = Debug|Any CPU
		{328C14F3-C415-9CE5-18A9-7D3D7FCCD07E}.Release|Any CPU.ActiveCfg = Release|Any CPU
		{328C14F3-C415-9CE5-18A9-7D3D7FCCD07E}.Release|Any CPU.Build.0 = Release|Any CPU
		{8AC97C43-395B-0E0F-9BD8-1B4545A0194E}.Debug|Any CPU.ActiveCfg = Debug|Any CPU
		{8AC97C43-395B-0E0F-9BD8-1B4545A0194E}.Debug|Any CPU.Build.0 = Debug|Any CPU
		{8AC97C43-395B-0E0F-9BD8-1B4545A0194E}.Release|Any CPU.ActiveCfg = Release|Any CPU
		{8AC97C43-395B-0E0F-9BD8-1B4545A0194E}.Release|Any CPU.Build.0 = Release|Any CPU
	EndGlobalSection
	GlobalSection(SolutionProperties) = preSolution
		HideSolutionNode = FALSE
	EndGlobalSection
EndGlobal
